// !$*UTF8*$!
{
	archiveVersion = 1;
	classes = {
	};
	objectVersion = 56;
	objects = {

/* Begin PBXBuildFile section */
		FB07F6BB2C03DE560019ACC3 /* FirebaseViewModel.swift in Sources */ = {isa = PBXBuildFile; fileRef = FB07F6BA2C03DE560019ACC3 /* FirebaseViewModel.swift */; };
		FB13408B2C03E320005AB481 /* FirebaseAuth in Frameworks */ = {isa = PBXBuildFile; productRef = FB13408A2C03E320005AB481 /* FirebaseAuth */; };
		FB42170D2C0648F80065C4EB /* PokemonRepository.swift in Sources */ = {isa = PBXBuildFile; fileRef = FB42170C2C0648F80065C4EB /* PokemonRepository.swift */; };
		FB4217102C064B5D0065C4EB /* ColorExtension.swift in Sources */ = {isa = PBXBuildFile; fileRef = FB42170F2C064B5D0065C4EB /* ColorExtension.swift */; };
		FB4217232C064DC60065C4EB /* PokemonViewModel.swift in Sources */ = {isa = PBXBuildFile; fileRef = FB4217222C064DC60065C4EB /* PokemonViewModel.swift */; };
		FB4217252C0654AB0065C4EB /* PokemonCard.swift in Sources */ = {isa = PBXBuildFile; fileRef = FB4217242C0654AB0065C4EB /* PokemonCard.swift */; };
		FB4217272C06550A0065C4EB /* PokemonListado.swift in Sources */ = {isa = PBXBuildFile; fileRef = FB4217262C06550A0065C4EB /* PokemonListado.swift */; };
		FB4217292C06551F0065C4EB /* PokemonListadoViewModel.swift in Sources */ = {isa = PBXBuildFile; fileRef = FB4217282C06551F0065C4EB /* PokemonListadoViewModel.swift */; };
		FB42172B2C06554F0065C4EB /* PokemonDetalle.swift in Sources */ = {isa = PBXBuildFile; fileRef = FB42172A2C06554F0065C4EB /* PokemonDetalle.swift */; };
		FB42172E2C0655A20065C4EB /* FavoritesManager.swift in Sources */ = {isa = PBXBuildFile; fileRef = FB42172D2C0655A20065C4EB /* FavoritesManager.swift */; };
		FB4217312C06560E0065C4EB /* FavoritesView.swift in Sources */ = {isa = PBXBuildFile; fileRef = FB4217302C06560E0065C4EB /* FavoritesView.swift */; };
		FB4217342C0661FD0065C4EB /* UserPostsView.swift in Sources */ = {isa = PBXBuildFile; fileRef = FB4217332C0661FD0065C4EB /* UserPostsView.swift */; };
		FB9BB81C2C03B1DA0068009B /* FirebaseAnalytics in Frameworks */ = {isa = PBXBuildFile; productRef = FB9BB81B2C03B1DA0068009B /* FirebaseAnalytics */; };
		FB9BB81E2C03B1DA0068009B /* FirebaseAnalyticsOnDeviceConversion in Frameworks */ = {isa = PBXBuildFile; productRef = FB9BB81D2C03B1DA0068009B /* FirebaseAnalyticsOnDeviceConversion */; };
		FB9BB8202C03B1DA0068009B /* FirebaseAnalyticsSwift in Frameworks */ = {isa = PBXBuildFile; productRef = FB9BB81F2C03B1DA0068009B /* FirebaseAnalyticsSwift */; };
		FB9BB8222C03B1DA0068009B /* FirebaseAnalyticsWithoutAdIdSupport in Frameworks */ = {isa = PBXBuildFile; productRef = FB9BB8212C03B1DA0068009B /* FirebaseAnalyticsWithoutAdIdSupport */; };
		FB9BB8242C03B1DA0068009B /* FirebaseAppCheck in Frameworks */ = {isa = PBXBuildFile; productRef = FB9BB8232C03B1DA0068009B /* FirebaseAppCheck */; };
		FB9BB8262C03B2390068009B /* FirebaseAnalytics in Frameworks */ = {isa = PBXBuildFile; productRef = FB9BB8252C03B2390068009B /* FirebaseAnalytics */; };
		FB9BB8282C03B2390068009B /* FirebaseAnalyticsOnDeviceConversion in Frameworks */ = {isa = PBXBuildFile; productRef = FB9BB8272C03B2390068009B /* FirebaseAnalyticsOnDeviceConversion */; };
		FB9BB82A2C03B2390068009B /* FirebaseAnalyticsSwift in Frameworks */ = {isa = PBXBuildFile; productRef = FB9BB8292C03B2390068009B /* FirebaseAnalyticsSwift */; };
		FB9BB82C2C03B2390068009B /* FirebaseAnalyticsWithoutAdIdSupport in Frameworks */ = {isa = PBXBuildFile; productRef = FB9BB82B2C03B2390068009B /* FirebaseAnalyticsWithoutAdIdSupport */; };
		FB9BB82E2C03B2390068009B /* FirebaseAppCheck in Frameworks */ = {isa = PBXBuildFile; productRef = FB9BB82D2C03B2390068009B /* FirebaseAppCheck */; };
		FBA767E22C03A3AE00BA9706 /* RefugioPokemonApp.swift in Sources */ = {isa = PBXBuildFile; fileRef = FBA767E12C03A3AE00BA9706 /* RefugioPokemonApp.swift */; };
		FBA767E42C03A3AE00BA9706 /* ContentView.swift in Sources */ = {isa = PBXBuildFile; fileRef = FBA767E32C03A3AE00BA9706 /* ContentView.swift */; };
		FBA767E62C03A3B000BA9706 /* Assets.xcassets in Resources */ = {isa = PBXBuildFile; fileRef = FBA767E52C03A3B000BA9706 /* Assets.xcassets */; };
		FBA767E92C03A3B000BA9706 /* Preview Assets.xcassets in Resources */ = {isa = PBXBuildFile; fileRef = FBA767E82C03A3B000BA9706 /* Preview Assets.xcassets */; };
		FBA767F12C03A5A400BA9706 /* FirebaseAnalytics in Frameworks */ = {isa = PBXBuildFile; productRef = FBA767F02C03A5A400BA9706 /* FirebaseAnalytics */; };
		FBA767F32C03A5A400BA9706 /* FirebaseAnalyticsOnDeviceConversion in Frameworks */ = {isa = PBXBuildFile; productRef = FBA767F22C03A5A400BA9706 /* FirebaseAnalyticsOnDeviceConversion */; };
		FBA767F52C03A5A400BA9706 /* FirebaseAnalyticsSwift in Frameworks */ = {isa = PBXBuildFile; productRef = FBA767F42C03A5A400BA9706 /* FirebaseAnalyticsSwift */; };
		FBA767F72C03A5A400BA9706 /* FirebaseAnalyticsWithoutAdIdSupport in Frameworks */ = {isa = PBXBuildFile; productRef = FBA767F62C03A5A400BA9706 /* FirebaseAnalyticsWithoutAdIdSupport */; };
		FBA767F92C03A5A400BA9706 /* FirebaseAppCheck in Frameworks */ = {isa = PBXBuildFile; productRef = FBA767F82C03A5A400BA9706 /* FirebaseAppCheck */; };
		FBA767FC2C03A62B00BA9706 /* TabView.swift in Sources */ = {isa = PBXBuildFile; fileRef = FBA767FB2C03A62B00BA9706 /* TabView.swift */; };
		FBA768002C03A83000BA9706 /* GoogleService-Info.plist in Resources */ = {isa = PBXBuildFile; fileRef = FBA767FF2C03A83000BA9706 /* GoogleService-Info.plist */; };
		FBA768022C03A96100BA9706 /* LoginView.swift in Sources */ = {isa = PBXBuildFile; fileRef = FBA768012C03A96100BA9706 /* LoginView.swift */; };
		FBA768042C03A98300BA9706 /* HomeView.swift in Sources */ = {isa = PBXBuildFile; fileRef = FBA768032C03A98300BA9706 /* HomeView.swift */; };
		FBA768062C03A9A100BA9706 /* AddNewView.swift in Sources */ = {isa = PBXBuildFile; fileRef = FBA768052C03A9A100BA9706 /* AddNewView.swift */; };
		FBA768082C03A9C000BA9706 /* AccountView.swift in Sources */ = {isa = PBXBuildFile; fileRef = FBA768072C03A9C000BA9706 /* AccountView.swift */; };
		FBA768102C03AB3300BA9706 /* PokemonNewViewModel.swift in Sources */ = {isa = PBXBuildFile; fileRef = FBA7680F2C03AB3300BA9706 /* PokemonNewViewModel.swift */; };
		FBA768122C03ACCF00BA9706 /* Pokemon.swift in Sources */ = {isa = PBXBuildFile; fileRef = FBA768112C03ACCF00BA9706 /* Pokemon.swift */; };
		FBA92C712C04039A00DF86FC /* AuthGoogleViewModel.swift in Sources */ = {isa = PBXBuildFile; fileRef = FBA92C702C04039A00DF86FC /* AuthGoogleViewModel.swift */; };
		FBA92C742C04044700DF86FC /* GoogleSignIn in Frameworks */ = {isa = PBXBuildFile; productRef = FBA92C732C04044700DF86FC /* GoogleSignIn */; };
		FBA92C762C04044700DF86FC /* GoogleSignInSwift in Frameworks */ = {isa = PBXBuildFile; productRef = FBA92C752C04044700DF86FC /* GoogleSignInSwift */; };
/* End PBXBuildFile section */

/* Begin PBXFileReference section */
		FB07F6BA2C03DE560019ACC3 /* FirebaseViewModel.swift */ = {isa = PBXFileReference; lastKnownFileType = sourcecode.swift; path = FirebaseViewModel.swift; sourceTree = "<group>"; };
		FB42170C2C0648F80065C4EB /* PokemonRepository.swift */ = {isa = PBXFileReference; lastKnownFileType = sourcecode.swift; path = PokemonRepository.swift; sourceTree = "<group>"; };
		FB42170F2C064B5D0065C4EB /* ColorExtension.swift */ = {isa = PBXFileReference; lastKnownFileType = sourcecode.swift; path = ColorExtension.swift; sourceTree = "<group>"; };
		FB4217222C064DC60065C4EB /* PokemonViewModel.swift */ = {isa = PBXFileReference; lastKnownFileType = sourcecode.swift; path = PokemonViewModel.swift; sourceTree = "<group>"; };
		FB4217242C0654AB0065C4EB /* PokemonCard.swift */ = {isa = PBXFileReference; lastKnownFileType = sourcecode.swift; path = PokemonCard.swift; sourceTree = "<group>"; };
		FB4217262C06550A0065C4EB /* PokemonListado.swift */ = {isa = PBXFileReference; lastKnownFileType = sourcecode.swift; path = PokemonListado.swift; sourceTree = "<group>"; };
		FB4217282C06551F0065C4EB /* PokemonListadoViewModel.swift */ = {isa = PBXFileReference; lastKnownFileType = sourcecode.swift; path = PokemonListadoViewModel.swift; sourceTree = "<group>"; };
		FB42172A2C06554F0065C4EB /* PokemonDetalle.swift */ = {isa = PBXFileReference; lastKnownFileType = sourcecode.swift; path = PokemonDetalle.swift; sourceTree = "<group>"; };
		FB42172D2C0655A20065C4EB /* FavoritesManager.swift */ = {isa = PBXFileReference; lastKnownFileType = sourcecode.swift; path = FavoritesManager.swift; sourceTree = "<group>"; };
		FB4217302C06560E0065C4EB /* FavoritesView.swift */ = {isa = PBXFileReference; lastKnownFileType = sourcecode.swift; path = FavoritesView.swift; sourceTree = "<group>"; };
		FB4217332C0661FD0065C4EB /* UserPostsView.swift */ = {isa = PBXFileReference; lastKnownFileType = sourcecode.swift; path = UserPostsView.swift; sourceTree = "<group>"; };
		FBA767DE2C03A3AE00BA9706 /* RefugioPokemon.app */ = {isa = PBXFileReference; explicitFileType = wrapper.application; includeInIndex = 0; path = RefugioPokemon.app; sourceTree = BUILT_PRODUCTS_DIR; };
		FBA767E12C03A3AE00BA9706 /* RefugioPokemonApp.swift */ = {isa = PBXFileReference; lastKnownFileType = sourcecode.swift; path = RefugioPokemonApp.swift; sourceTree = "<group>"; };
		FBA767E32C03A3AE00BA9706 /* ContentView.swift */ = {isa = PBXFileReference; lastKnownFileType = sourcecode.swift; path = ContentView.swift; sourceTree = "<group>"; };
		FBA767E52C03A3B000BA9706 /* Assets.xcassets */ = {isa = PBXFileReference; lastKnownFileType = folder.assetcatalog; path = Assets.xcassets; sourceTree = "<group>"; };
		FBA767E82C03A3B000BA9706 /* Preview Assets.xcassets */ = {isa = PBXFileReference; lastKnownFileType = folder.assetcatalog; path = "Preview Assets.xcassets"; sourceTree = "<group>"; };
		FBA767FB2C03A62B00BA9706 /* TabView.swift */ = {isa = PBXFileReference; lastKnownFileType = sourcecode.swift; path = TabView.swift; sourceTree = "<group>"; };
		FBA767FF2C03A83000BA9706 /* GoogleService-Info.plist */ = {isa = PBXFileReference; fileEncoding = 4; lastKnownFileType = text.plist.xml; path = "GoogleService-Info.plist"; sourceTree = "<group>"; };
		FBA768012C03A96100BA9706 /* LoginView.swift */ = {isa = PBXFileReference; lastKnownFileType = sourcecode.swift; path = LoginView.swift; sourceTree = "<group>"; };
		FBA768032C03A98300BA9706 /* HomeView.swift */ = {isa = PBXFileReference; lastKnownFileType = sourcecode.swift; path = HomeView.swift; sourceTree = "<group>"; };
		FBA768052C03A9A100BA9706 /* AddNewView.swift */ = {isa = PBXFileReference; lastKnownFileType = sourcecode.swift; path = AddNewView.swift; sourceTree = "<group>"; };
		FBA768072C03A9C000BA9706 /* AccountView.swift */ = {isa = PBXFileReference; lastKnownFileType = sourcecode.swift; path = AccountView.swift; sourceTree = "<group>"; };
		FBA7680F2C03AB3300BA9706 /* PokemonNewViewModel.swift */ = {isa = PBXFileReference; lastKnownFileType = sourcecode.swift; path = PokemonNewViewModel.swift; sourceTree = "<group>"; };
		FBA768112C03ACCF00BA9706 /* Pokemon.swift */ = {isa = PBXFileReference; lastKnownFileType = sourcecode.swift; path = Pokemon.swift; sourceTree = "<group>"; };
		FBA92C702C04039A00DF86FC /* AuthGoogleViewModel.swift */ = {isa = PBXFileReference; lastKnownFileType = sourcecode.swift; path = AuthGoogleViewModel.swift; sourceTree = "<group>"; };
		FBA92C772C040EF500DF86FC /* Info.plist */ = {isa = PBXFileReference; lastKnownFileType = text.plist; path = Info.plist; sourceTree = "<group>"; };
/* End PBXFileReference section */

/* Begin PBXFrameworksBuildPhase section */
		FBA767DB2C03A3AE00BA9706 /* Frameworks */ = {
			isa = PBXFrameworksBuildPhase;
			buildActionMask = 2147483647;
			files = (
				FBA767F52C03A5A400BA9706 /* FirebaseAnalyticsSwift in Frameworks */,
				FBA767F12C03A5A400BA9706 /* FirebaseAnalytics in Frameworks */,
				FB9BB81C2C03B1DA0068009B /* FirebaseAnalytics in Frameworks */,
				FB9BB81E2C03B1DA0068009B /* FirebaseAnalyticsOnDeviceConversion in Frameworks */,
				FB9BB8202C03B1DA0068009B /* FirebaseAnalyticsSwift in Frameworks */,
				FBA767F32C03A5A400BA9706 /* FirebaseAnalyticsOnDeviceConversion in Frameworks */,
				FB9BB8262C03B2390068009B /* FirebaseAnalytics in Frameworks */,
				FB9BB8282C03B2390068009B /* FirebaseAnalyticsOnDeviceConversion in Frameworks */,
				FBA767F92C03A5A400BA9706 /* FirebaseAppCheck in Frameworks */,
				FBA92C762C04044700DF86FC /* GoogleSignInSwift in Frameworks */,
				FBA92C742C04044700DF86FC /* GoogleSignIn in Frameworks */,
				FB9BB82A2C03B2390068009B /* FirebaseAnalyticsSwift in Frameworks */,
				FB9BB8222C03B1DA0068009B /* FirebaseAnalyticsWithoutAdIdSupport in Frameworks */,
				FB9BB82C2C03B2390068009B /* FirebaseAnalyticsWithoutAdIdSupport in Frameworks */,
				FB9BB8242C03B1DA0068009B /* FirebaseAppCheck in Frameworks */,
				FB9BB82E2C03B2390068009B /* FirebaseAppCheck in Frameworks */,
				FBA767F72C03A5A400BA9706 /* FirebaseAnalyticsWithoutAdIdSupport in Frameworks */,
				FB13408B2C03E320005AB481 /* FirebaseAuth in Frameworks */,
			);
			runOnlyForDeploymentPostprocessing = 0;
		};
/* End PBXFrameworksBuildPhase section */

/* Begin PBXGroup section */
		FB1340892C03E320005AB481 /* Frameworks */ = {
			isa = PBXGroup;
			children = (
			);
			name = Frameworks;
			sourceTree = "<group>";
		};
		FB42170B2C0648DE0065C4EB /* Repository */ = {
			isa = PBXGroup;
			children = (
				FB42170C2C0648F80065C4EB /* PokemonRepository.swift */,
			);
			path = Repository;
			sourceTree = "<group>";
		};
		FB42170E2C064B3E0065C4EB /* Utility */ = {
			isa = PBXGroup;
			children = (
				FB42170F2C064B5D0065C4EB /* ColorExtension.swift */,
			);
			path = Utility;
			sourceTree = "<group>";
		};
		FB4217112C064C420065C4EB /* Home */ = {
			isa = PBXGroup;
			children = (
				FBA768032C03A98300BA9706 /* HomeView.swift */,
			);
			path = Home;
			sourceTree = "<group>";
		};
		FB4217122C064C580065C4EB /* Posts */ = {
			isa = PBXGroup;
			children = (
				FB4217332C0661FD0065C4EB /* UserPostsView.swift */,
			);
			path = Posts;
			sourceTree = "<group>";
		};
		FB4217132C064C670065C4EB /* Login */ = {
			isa = PBXGroup;
			children = (
				FBA768012C03A96100BA9706 /* LoginView.swift */,
			);
			path = Login;
			sourceTree = "<group>";
		};
		FB4217142C064C710065C4EB /* AddNew */ = {
			isa = PBXGroup;
			children = (
				FBA768052C03A9A100BA9706 /* AddNewView.swift */,
			);
			path = AddNew;
			sourceTree = "<group>";
		};
		FB4217152C064C820065C4EB /* Account */ = {
			isa = PBXGroup;
			children = (
				FBA768072C03A9C000BA9706 /* AccountView.swift */,
			);
			path = Account;
			sourceTree = "<group>";
		};
		FB4217162C064CA90065C4EB /* TabNavigator */ = {
			isa = PBXGroup;
			children = (
				FBA767FB2C03A62B00BA9706 /* TabView.swift */,
			);
			path = TabNavigator;
			sourceTree = "<group>";
		};
		FB4217172C064CFF0065C4EB /* Presentation */ = {
			isa = PBXGroup;
			children = (
				FB4217182C064D130065C4EB /* Components */,
			);
			path = Presentation;
			sourceTree = "<group>";
		};
		FB4217182C064D130065C4EB /* Components */ = {
			isa = PBXGroup;
			children = (
				FB42171B2C064D390065C4EB /* PokemonList */,
				FB42171A2C064D2D0065C4EB /* PokemonDetail */,
				FB4217192C064D210065C4EB /* PokemonCard */,
			);
			path = Components;
			sourceTree = "<group>";
		};
		FB4217192C064D210065C4EB /* PokemonCard */ = {
			isa = PBXGroup;
			children = (
				FB4217212C064D820065C4EB /* ViewModel */,
				FB4217202C064D7D0065C4EB /* View */,
			);
			path = PokemonCard;
			sourceTree = "<group>";
		};
		FB42171A2C064D2D0065C4EB /* PokemonDetail */ = {
			isa = PBXGroup;
			children = (
				FB42171E2C064D670065C4EB /* View */,
			);
			path = PokemonDetail;
			sourceTree = "<group>";
		};
		FB42171B2C064D390065C4EB /* PokemonList */ = {
			isa = PBXGroup;
			children = (
				FB42171D2C064D5F0065C4EB /* ViewModel */,
				FB42171C2C064D530065C4EB /* View */,
			);
			path = PokemonList;
			sourceTree = "<group>";
		};
		FB42171C2C064D530065C4EB /* View */ = {
			isa = PBXGroup;
			children = (
				FB4217262C06550A0065C4EB /* PokemonListado.swift */,
			);
			path = View;
			sourceTree = "<group>";
		};
		FB42171D2C064D5F0065C4EB /* ViewModel */ = {
			isa = PBXGroup;
			children = (
				FB4217282C06551F0065C4EB /* PokemonListadoViewModel.swift */,
			);
			path = ViewModel;
			sourceTree = "<group>";
		};
		FB42171E2C064D670065C4EB /* View */ = {
			isa = PBXGroup;
			children = (
				FB42172A2C06554F0065C4EB /* PokemonDetalle.swift */,
			);
			path = View;
			sourceTree = "<group>";
		};
		FB4217202C064D7D0065C4EB /* View */ = {
			isa = PBXGroup;
			children = (
				FB4217242C0654AB0065C4EB /* PokemonCard.swift */,
			);
			path = View;
			sourceTree = "<group>";
		};
		FB4217212C064D820065C4EB /* ViewModel */ = {
			isa = PBXGroup;
			children = (
				FB4217222C064DC60065C4EB /* PokemonViewModel.swift */,
			);
			path = ViewModel;
			sourceTree = "<group>";
		};
		FB42172C2C06558E0065C4EB /* Manager */ = {
			isa = PBXGroup;
			children = (
				FB42172D2C0655A20065C4EB /* FavoritesManager.swift */,
			);
			path = Manager;
			sourceTree = "<group>";
		};
		FB42172F2C0655E80065C4EB /* FavoritesPokedex */ = {
			isa = PBXGroup;
			children = (
				FB4217302C06560E0065C4EB /* FavoritesView.swift */,
			);
			path = FavoritesPokedex;
			sourceTree = "<group>";
		};
		FBA767D52C03A3AE00BA9706 = {
			isa = PBXGroup;
			children = (
				FBA767E02C03A3AE00BA9706 /* RefugioPokemon */,
				FBA767DF2C03A3AE00BA9706 /* Products */,
				FB1340892C03E320005AB481 /* Frameworks */,
			);
			sourceTree = "<group>";
		};
		FBA767DF2C03A3AE00BA9706 /* Products */ = {
			isa = PBXGroup;
			children = (
				FBA767DE2C03A3AE00BA9706 /* RefugioPokemon.app */,
			);
			name = Products;
			sourceTree = "<group>";
		};
		FBA767E02C03A3AE00BA9706 /* RefugioPokemon */ = {
			isa = PBXGroup;
			children = (
				FB42172C2C06558E0065C4EB /* Manager */,
				FB4217172C064CFF0065C4EB /* Presentation */,
				FB42170E2C064B3E0065C4EB /* Utility */,
				FB42170B2C0648DE0065C4EB /* Repository */,
				FBA92C772C040EF500DF86FC /* Info.plist */,
				FBA7680C2C03AA2F00BA9706 /* Model */,
				FBA7680B2C03AA2700BA9706 /* ViewModel */,
				FBA767FF2C03A83000BA9706 /* GoogleService-Info.plist */,
				FBA767FA2C03A5E300BA9706 /* Modules */,
				FBA767E12C03A3AE00BA9706 /* RefugioPokemonApp.swift */,
				FBA767E32C03A3AE00BA9706 /* ContentView.swift */,
				FBA767E52C03A3B000BA9706 /* Assets.xcassets */,
				FBA767E72C03A3B000BA9706 /* Preview Content */,
			);
			path = RefugioPokemon;
			sourceTree = "<group>";
		};
		FBA767E72C03A3B000BA9706 /* Preview Content */ = {
			isa = PBXGroup;
			children = (
				FBA767E82C03A3B000BA9706 /* Preview Assets.xcassets */,
			);
			path = "Preview Content";
			sourceTree = "<group>";
		};
		FBA767FA2C03A5E300BA9706 /* Modules */ = {
			isa = PBXGroup;
			children = (
				FB42172F2C0655E80065C4EB /* FavoritesPokedex */,
				FB4217162C064CA90065C4EB /* TabNavigator */,
				FB4217152C064C820065C4EB /* Account */,
				FB4217142C064C710065C4EB /* AddNew */,
				FB4217132C064C670065C4EB /* Login */,
				FB4217122C064C580065C4EB /* Posts */,
				FB4217112C064C420065C4EB /* Home */,
			);
			path = Modules;
			sourceTree = "<group>";
		};
		FBA7680B2C03AA2700BA9706 /* ViewModel */ = {
			isa = PBXGroup;
			children = (
				FBA7680F2C03AB3300BA9706 /* PokemonNewViewModel.swift */,
				FB07F6BA2C03DE560019ACC3 /* FirebaseViewModel.swift */,
				FBA92C702C04039A00DF86FC /* AuthGoogleViewModel.swift */,
			);
			path = ViewModel;
			sourceTree = "<group>";
		};
		FBA7680C2C03AA2F00BA9706 /* Model */ = {
			isa = PBXGroup;
			children = (
				FBA768112C03ACCF00BA9706 /* Pokemon.swift */,
			);
			path = Model;
			sourceTree = "<group>";
		};
/* End PBXGroup section */

/* Begin PBXNativeTarget section */
		FBA767DD2C03A3AE00BA9706 /* RefugioPokemon */ = {
			isa = PBXNativeTarget;
			buildConfigurationList = FBA767EC2C03A3B000BA9706 /* Build configuration list for PBXNativeTarget "RefugioPokemon" */;
			buildPhases = (
				FBA767DA2C03A3AE00BA9706 /* Sources */,
				FBA767DB2C03A3AE00BA9706 /* Frameworks */,
				FBA767DC2C03A3AE00BA9706 /* Resources */,
			);
			buildRules = (
			);
			dependencies = (
			);
			name = RefugioPokemon;
			packageProductDependencies = (
				FBA767F02C03A5A400BA9706 /* FirebaseAnalytics */,
				FBA767F22C03A5A400BA9706 /* FirebaseAnalyticsOnDeviceConversion */,
				FBA767F42C03A5A400BA9706 /* FirebaseAnalyticsSwift */,
				FBA767F62C03A5A400BA9706 /* FirebaseAnalyticsWithoutAdIdSupport */,
				FBA767F82C03A5A400BA9706 /* FirebaseAppCheck */,
				FB9BB81B2C03B1DA0068009B /* FirebaseAnalytics */,
				FB9BB81D2C03B1DA0068009B /* FirebaseAnalyticsOnDeviceConversion */,
				FB9BB81F2C03B1DA0068009B /* FirebaseAnalyticsSwift */,
				FB9BB8212C03B1DA0068009B /* FirebaseAnalyticsWithoutAdIdSupport */,
				FB9BB8232C03B1DA0068009B /* FirebaseAppCheck */,
				FB9BB8252C03B2390068009B /* FirebaseAnalytics */,
				FB9BB8272C03B2390068009B /* FirebaseAnalyticsOnDeviceConversion */,
				FB9BB8292C03B2390068009B /* FirebaseAnalyticsSwift */,
				FB9BB82B2C03B2390068009B /* FirebaseAnalyticsWithoutAdIdSupport */,
				FB9BB82D2C03B2390068009B /* FirebaseAppCheck */,
				FB13408A2C03E320005AB481 /* FirebaseAuth */,
				FBA92C732C04044700DF86FC /* GoogleSignIn */,
				FBA92C752C04044700DF86FC /* GoogleSignInSwift */,
			);
			productName = RefugioPokemon;
			productReference = FBA767DE2C03A3AE00BA9706 /* RefugioPokemon.app */;
			productType = "com.apple.product-type.application";
		};
/* End PBXNativeTarget section */

/* Begin PBXProject section */
		FBA767D62C03A3AE00BA9706 /* Project object */ = {
			isa = PBXProject;
			attributes = {
				BuildIndependentTargetsInParallel = 1;
				LastSwiftUpdateCheck = 1520;
				LastUpgradeCheck = 1520;
				TargetAttributes = {
					FBA767DD2C03A3AE00BA9706 = {
						CreatedOnToolsVersion = 15.2;
					};
				};
			};
			buildConfigurationList = FBA767D92C03A3AE00BA9706 /* Build configuration list for PBXProject "RefugioPokemon" */;
			compatibilityVersion = "Xcode 14.0";
			developmentRegion = en;
			hasScannedForEncodings = 0;
			knownRegions = (
				en,
				Base,
			);
			mainGroup = FBA767D52C03A3AE00BA9706;
			packageReferences = (
				FBA767EF2C03A5A300BA9706 /* XCRemoteSwiftPackageReference "firebase-ios-sdk" */,
				FBA92C722C04044700DF86FC /* XCRemoteSwiftPackageReference "GoogleSignIn-iOS" */,
			);
			productRefGroup = FBA767DF2C03A3AE00BA9706 /* Products */;
			projectDirPath = "";
			projectRoot = "";
			targets = (
				FBA767DD2C03A3AE00BA9706 /* RefugioPokemon */,
			);
		};
/* End PBXProject section */

/* Begin PBXResourcesBuildPhase section */
		FBA767DC2C03A3AE00BA9706 /* Resources */ = {
			isa = PBXResourcesBuildPhase;
			buildActionMask = 2147483647;
			files = (
				FBA767E92C03A3B000BA9706 /* Preview Assets.xcassets in Resources */,
				FBA768002C03A83000BA9706 /* GoogleService-Info.plist in Resources */,
				FBA767E62C03A3B000BA9706 /* Assets.xcassets in Resources */,
			);
			runOnlyForDeploymentPostprocessing = 0;
		};
/* End PBXResourcesBuildPhase section */

/* Begin PBXSourcesBuildPhase section */
		FBA767DA2C03A3AE00BA9706 /* Sources */ = {
			isa = PBXSourcesBuildPhase;
			buildActionMask = 2147483647;
			files = (
				FB42172B2C06554F0065C4EB /* PokemonDetalle.swift in Sources */,
				FBA767E42C03A3AE00BA9706 /* ContentView.swift in Sources */,
				FB4217272C06550A0065C4EB /* PokemonListado.swift in Sources */,
				FBA768122C03ACCF00BA9706 /* Pokemon.swift in Sources */,
				FB42170D2C0648F80065C4EB /* PokemonRepository.swift in Sources */,
				FBA768062C03A9A100BA9706 /* AddNewView.swift in Sources */,
				FB4217102C064B5D0065C4EB /* ColorExtension.swift in Sources */,
				FBA767FC2C03A62B00BA9706 /* TabView.swift in Sources */,
				FBA768082C03A9C000BA9706 /* AccountView.swift in Sources */,
				FB4217292C06551F0065C4EB /* PokemonListadoViewModel.swift in Sources */,
				FB4217312C06560E0065C4EB /* FavoritesView.swift in Sources */,
				FB42172E2C0655A20065C4EB /* FavoritesManager.swift in Sources */,
				FB4217342C0661FD0065C4EB /* UserPostsView.swift in Sources */,
				FBA768102C03AB3300BA9706 /* PokemonNewViewModel.swift in Sources */,
				FBA92C712C04039A00DF86FC /* AuthGoogleViewModel.swift in Sources */,
				FB07F6BB2C03DE560019ACC3 /* FirebaseViewModel.swift in Sources */,
				FB4217232C064DC60065C4EB /* PokemonViewModel.swift in Sources */,
				FBA768042C03A98300BA9706 /* HomeView.swift in Sources */,
				FBA768022C03A96100BA9706 /* LoginView.swift in Sources */,
				FBA767E22C03A3AE00BA9706 /* RefugioPokemonApp.swift in Sources */,
				FB4217252C0654AB0065C4EB /* PokemonCard.swift in Sources */,
			);
			runOnlyForDeploymentPostprocessing = 0;
		};
/* End PBXSourcesBuildPhase section */

/* Begin XCBuildConfiguration section */
		FBA767EA2C03A3B000BA9706 /* Debug */ = {
			isa = XCBuildConfiguration;
			buildSettings = {
				ALWAYS_SEARCH_USER_PATHS = NO;
				ASSETCATALOG_COMPILER_GENERATE_SWIFT_ASSET_SYMBOL_EXTENSIONS = YES;
				CLANG_ANALYZER_NONNULL = YES;
				CLANG_ANALYZER_NUMBER_OBJECT_CONVERSION = YES_AGGRESSIVE;
				CLANG_CXX_LANGUAGE_STANDARD = "gnu++20";
				CLANG_ENABLE_MODULES = YES;
				CLANG_ENABLE_OBJC_ARC = YES;
				CLANG_ENABLE_OBJC_WEAK = YES;
				CLANG_WARN_BLOCK_CAPTURE_AUTORELEASING = YES;
				CLANG_WARN_BOOL_CONVERSION = YES;
				CLANG_WARN_COMMA = YES;
				CLANG_WARN_CONSTANT_CONVERSION = YES;
				CLANG_WARN_DEPRECATED_OBJC_IMPLEMENTATIONS = YES;
				CLANG_WARN_DIRECT_OBJC_ISA_USAGE = YES_ERROR;
				CLANG_WARN_DOCUMENTATION_COMMENTS = YES;
				CLANG_WARN_EMPTY_BODY = YES;
				CLANG_WARN_ENUM_CONVERSION = YES;
				CLANG_WARN_INFINITE_RECURSION = YES;
				CLANG_WARN_INT_CONVERSION = YES;
				CLANG_WARN_NON_LITERAL_NULL_CONVERSION = YES;
				CLANG_WARN_OBJC_IMPLICIT_RETAIN_SELF = YES;
				CLANG_WARN_OBJC_LITERAL_CONVERSION = YES;
				CLANG_WARN_OBJC_ROOT_CLASS = YES_ERROR;
				CLANG_WARN_QUOTED_INCLUDE_IN_FRAMEWORK_HEADER = YES;
				CLANG_WARN_RANGE_LOOP_ANALYSIS = YES;
				CLANG_WARN_STRICT_PROTOTYPES = YES;
				CLANG_WARN_SUSPICIOUS_MOVE = YES;
				CLANG_WARN_UNGUARDED_AVAILABILITY = YES_AGGRESSIVE;
				CLANG_WARN_UNREACHABLE_CODE = YES;
				CLANG_WARN__DUPLICATE_METHOD_MATCH = YES;
				COPY_PHASE_STRIP = NO;
				DEBUG_INFORMATION_FORMAT = dwarf;
				ENABLE_STRICT_OBJC_MSGSEND = YES;
				ENABLE_TESTABILITY = YES;
				ENABLE_USER_SCRIPT_SANDBOXING = YES;
				GCC_C_LANGUAGE_STANDARD = gnu17;
				GCC_DYNAMIC_NO_PIC = NO;
				GCC_NO_COMMON_BLOCKS = YES;
				GCC_OPTIMIZATION_LEVEL = 0;
				GCC_PREPROCESSOR_DEFINITIONS = (
					"DEBUG=1",
					"$(inherited)",
				);
				GCC_WARN_64_TO_32_BIT_CONVERSION = YES;
				GCC_WARN_ABOUT_RETURN_TYPE = YES_ERROR;
				GCC_WARN_UNDECLARED_SELECTOR = YES;
				GCC_WARN_UNINITIALIZED_AUTOS = YES_AGGRESSIVE;
				GCC_WARN_UNUSED_FUNCTION = YES;
				GCC_WARN_UNUSED_VARIABLE = YES;
				IPHONEOS_DEPLOYMENT_TARGET = 17.2;
				LOCALIZATION_PREFERS_STRING_CATALOGS = YES;
				MTL_ENABLE_DEBUG_INFO = INCLUDE_SOURCE;
				MTL_FAST_MATH = YES;
				ONLY_ACTIVE_ARCH = YES;
				SDKROOT = iphoneos;
				SWIFT_ACTIVE_COMPILATION_CONDITIONS = "DEBUG $(inherited)";
				SWIFT_OPTIMIZATION_LEVEL = "-Onone";
			};
			name = Debug;
		};
		FBA767EB2C03A3B000BA9706 /* Release */ = {
			isa = XCBuildConfiguration;
			buildSettings = {
				ALWAYS_SEARCH_USER_PATHS = NO;
				ASSETCATALOG_COMPILER_GENERATE_SWIFT_ASSET_SYMBOL_EXTENSIONS = YES;
				CLANG_ANALYZER_NONNULL = YES;
				CLANG_ANALYZER_NUMBER_OBJECT_CONVERSION = YES_AGGRESSIVE;
				CLANG_CXX_LANGUAGE_STANDARD = "gnu++20";
				CLANG_ENABLE_MODULES = YES;
				CLANG_ENABLE_OBJC_ARC = YES;
				CLANG_ENABLE_OBJC_WEAK = YES;
				CLANG_WARN_BLOCK_CAPTURE_AUTORELEASING = YES;
				CLANG_WARN_BOOL_CONVERSION = YES;
				CLANG_WARN_COMMA = YES;
				CLANG_WARN_CONSTANT_CONVERSION = YES;
				CLANG_WARN_DEPRECATED_OBJC_IMPLEMENTATIONS = YES;
				CLANG_WARN_DIRECT_OBJC_ISA_USAGE = YES_ERROR;
				CLANG_WARN_DOCUMENTATION_COMMENTS = YES;
				CLANG_WARN_EMPTY_BODY = YES;
				CLANG_WARN_ENUM_CONVERSION = YES;
				CLANG_WARN_INFINITE_RECURSION = YES;
				CLANG_WARN_INT_CONVERSION = YES;
				CLANG_WARN_NON_LITERAL_NULL_CONVERSION = YES;
				CLANG_WARN_OBJC_IMPLICIT_RETAIN_SELF = YES;
				CLANG_WARN_OBJC_LITERAL_CONVERSION = YES;
				CLANG_WARN_OBJC_ROOT_CLASS = YES_ERROR;
				CLANG_WARN_QUOTED_INCLUDE_IN_FRAMEWORK_HEADER = YES;
				CLANG_WARN_RANGE_LOOP_ANALYSIS = YES;
				CLANG_WARN_STRICT_PROTOTYPES = YES;
				CLANG_WARN_SUSPICIOUS_MOVE = YES;
				CLANG_WARN_UNGUARDED_AVAILABILITY = YES_AGGRESSIVE;
				CLANG_WARN_UNREACHABLE_CODE = YES;
				CLANG_WARN__DUPLICATE_METHOD_MATCH = YES;
				COPY_PHASE_STRIP = NO;
				DEBUG_INFORMATION_FORMAT = "dwarf-with-dsym";
				ENABLE_NS_ASSERTIONS = NO;
				ENABLE_STRICT_OBJC_MSGSEND = YES;
				ENABLE_USER_SCRIPT_SANDBOXING = YES;
				GCC_C_LANGUAGE_STANDARD = gnu17;
				GCC_NO_COMMON_BLOCKS = YES;
				GCC_WARN_64_TO_32_BIT_CONVERSION = YES;
				GCC_WARN_ABOUT_RETURN_TYPE = YES_ERROR;
				GCC_WARN_UNDECLARED_SELECTOR = YES;
				GCC_WARN_UNINITIALIZED_AUTOS = YES_AGGRESSIVE;
				GCC_WARN_UNUSED_FUNCTION = YES;
				GCC_WARN_UNUSED_VARIABLE = YES;
				IPHONEOS_DEPLOYMENT_TARGET = 17.2;
				LOCALIZATION_PREFERS_STRING_CATALOGS = YES;
				MTL_ENABLE_DEBUG_INFO = NO;
				MTL_FAST_MATH = YES;
				SDKROOT = iphoneos;
				SWIFT_COMPILATION_MODE = wholemodule;
				VALIDATE_PRODUCT = YES;
			};
			name = Release;
		};
		FBA767ED2C03A3B000BA9706 /* Debug */ = {
			isa = XCBuildConfiguration;
			buildSettings = {
				ASSETCATALOG_COMPILER_APPICON_NAME = AppIcon;
				ASSETCATALOG_COMPILER_GLOBAL_ACCENT_COLOR_NAME = AccentColor;
				CODE_SIGN_STYLE = Automatic;
				CURRENT_PROJECT_VERSION = 1;
				DEVELOPMENT_ASSET_PATHS = "\"RefugioPokemon/Preview Content\"";
				DEVELOPMENT_TEAM = 38M97PF8SH;
				ENABLE_PREVIEWS = YES;
				GENERATE_INFOPLIST_FILE = YES;
				INFOPLIST_FILE = RefugioPokemon/Info.plist;
				INFOPLIST_KEY_UIApplicationSceneManifest_Generation = YES;
				INFOPLIST_KEY_UIApplicationSupportsIndirectInputEvents = YES;
				INFOPLIST_KEY_UILaunchScreen_Generation = YES;
				INFOPLIST_KEY_UISupportedInterfaceOrientations_iPad = "UIInterfaceOrientationPortrait UIInterfaceOrientationPortraitUpsideDown UIInterfaceOrientationLandscapeLeft UIInterfaceOrientationLandscapeRight";
				INFOPLIST_KEY_UISupportedInterfaceOrientations_iPhone = "UIInterfaceOrientationPortrait UIInterfaceOrientationLandscapeLeft UIInterfaceOrientationLandscapeRight";
				LD_RUNPATH_SEARCH_PATHS = (
					"$(inherited)",
					"@executable_path/Frameworks",
				);
				MARKETING_VERSION = 1.0;
				PRODUCT_BUNDLE_IDENTIFIER = "com.santiago-neira.RefugioPokemon";
				PRODUCT_NAME = "$(TARGET_NAME)";
				SWIFT_EMIT_LOC_STRINGS = YES;
				SWIFT_VERSION = 5.0;
				TARGETED_DEVICE_FAMILY = "1,2";
			};
			name = Debug;
		};
		FBA767EE2C03A3B000BA9706 /* Release */ = {
			isa = XCBuildConfiguration;
			buildSettings = {
				ASSETCATALOG_COMPILER_APPICON_NAME = AppIcon;
				ASSETCATALOG_COMPILER_GLOBAL_ACCENT_COLOR_NAME = AccentColor;
				CODE_SIGN_STYLE = Automatic;
				CURRENT_PROJECT_VERSION = 1;
				DEVELOPMENT_ASSET_PATHS = "\"RefugioPokemon/Preview Content\"";
				DEVELOPMENT_TEAM = 38M97PF8SH;
				ENABLE_PREVIEWS = YES;
				GENERATE_INFOPLIST_FILE = YES;
				INFOPLIST_FILE = RefugioPokemon/Info.plist;
				INFOPLIST_KEY_UIApplicationSceneManifest_Generation = YES;
				INFOPLIST_KEY_UIApplicationSupportsIndirectInputEvents = YES;
				INFOPLIST_KEY_UILaunchScreen_Generation = YES;
				INFOPLIST_KEY_UISupportedInterfaceOrientations_iPad = "UIInterfaceOrientationPortrait UIInterfaceOrientationPortraitUpsideDown UIInterfaceOrientationLandscapeLeft UIInterfaceOrientationLandscapeRight";
				INFOPLIST_KEY_UISupportedInterfaceOrientations_iPhone = "UIInterfaceOrientationPortrait UIInterfaceOrientationLandscapeLeft UIInterfaceOrientationLandscapeRight";
				LD_RUNPATH_SEARCH_PATHS = (
					"$(inherited)",
					"@executable_path/Frameworks",
				);
				MARKETING_VERSION = 1.0;
				PRODUCT_BUNDLE_IDENTIFIER = "com.santiago-neira.RefugioPokemon";
				PRODUCT_NAME = "$(TARGET_NAME)";
				SWIFT_EMIT_LOC_STRINGS = YES;
				SWIFT_VERSION = 5.0;
				TARGETED_DEVICE_FAMILY = "1,2";
			};
			name = Release;
		};
/* End XCBuildConfiguration section */

/* Begin XCConfigurationList section */
		FBA767D92C03A3AE00BA9706 /* Build configuration list for PBXProject "RefugioPokemon" */ = {
			isa = XCConfigurationList;
			buildConfigurations = (
				FBA767EA2C03A3B000BA9706 /* Debug */,
				FBA767EB2C03A3B000BA9706 /* Release */,
			);
			defaultConfigurationIsVisible = 0;
			defaultConfigurationName = Release;
		};
		FBA767EC2C03A3B000BA9706 /* Build configuration list for PBXNativeTarget "RefugioPokemon" */ = {
			isa = XCConfigurationList;
			buildConfigurations = (
				FBA767ED2C03A3B000BA9706 /* Debug */,
				FBA767EE2C03A3B000BA9706 /* Release */,
			);
			defaultConfigurationIsVisible = 0;
			defaultConfigurationName = Release;
		};
/* End XCConfigurationList section */

/* Begin XCRemoteSwiftPackageReference section */
		FBA767EF2C03A5A300BA9706 /* XCRemoteSwiftPackageReference "firebase-ios-sdk" */ = {
			isa = XCRemoteSwiftPackageReference;
			repositoryURL = "https://github.com/firebase/firebase-ios-sdk.git";
			requirement = {
				kind = upToNextMajorVersion;
				minimumVersion = 10.26.0;
			};
		};
		FBA92C722C04044700DF86FC /* XCRemoteSwiftPackageReference "GoogleSignIn-iOS" */ = {
			isa = XCRemoteSwiftPackageReference;
			repositoryURL = "https://github.com/google/GoogleSignIn-iOS";
			requirement = {
				kind = upToNextMajorVersion;
				minimumVersion = 7.1.0;
			};
		};
/* End XCRemoteSwiftPackageReference section */

/* Begin XCSwiftPackageProductDependency section */
		FB13408A2C03E320005AB481 /* FirebaseAuth */ = {
			isa = XCSwiftPackageProductDependency;
			package = FBA767EF2C03A5A300BA9706 /* XCRemoteSwiftPackageReference "firebase-ios-sdk" */;
			productName = FirebaseAuth;
		};
		FB9BB81B2C03B1DA0068009B /* FirebaseAnalytics */ = {
			isa = XCSwiftPackageProductDependency;
			package = FBA767EF2C03A5A300BA9706 /* XCRemoteSwiftPackageReference "firebase-ios-sdk" */;
			productName = FirebaseAnalytics;
		};
		FB9BB81D2C03B1DA0068009B /* FirebaseAnalyticsOnDeviceConversion */ = {
			isa = XCSwiftPackageProductDependency;
			package = FBA767EF2C03A5A300BA9706 /* XCRemoteSwiftPackageReference "firebase-ios-sdk" */;
			productName = FirebaseAnalyticsOnDeviceConversion;
		};
		FB9BB81F2C03B1DA0068009B /* FirebaseAnalyticsSwift */ = {
			isa = XCSwiftPackageProductDependency;
			package = FBA767EF2C03A5A300BA9706 /* XCRemoteSwiftPackageReference "firebase-ios-sdk" */;
			productName = FirebaseAnalyticsSwift;
		};
		FB9BB8212C03B1DA0068009B /* FirebaseAnalyticsWithoutAdIdSupport */ = {
			isa = XCSwiftPackageProductDependency;
			package = FBA767EF2C03A5A300BA9706 /* XCRemoteSwiftPackageReference "firebase-ios-sdk" */;
			productName = FirebaseAnalyticsWithoutAdIdSupport;
		};
		FB9BB8232C03B1DA0068009B /* FirebaseAppCheck */ = {
			isa = XCSwiftPackageProductDependency;
			package = FBA767EF2C03A5A300BA9706 /* XCRemoteSwiftPackageReference "firebase-ios-sdk" */;
			productName = FirebaseAppCheck;
		};
		FB9BB8252C03B2390068009B /* FirebaseAnalytics */ = {
			isa = XCSwiftPackageProductDependency;
			package = FBA767EF2C03A5A300BA9706 /* XCRemoteSwiftPackageReference "firebase-ios-sdk" */;
			productName = FirebaseAnalytics;
		};
		FB9BB8272C03B2390068009B /* FirebaseAnalyticsOnDeviceConversion */ = {
			isa = XCSwiftPackageProductDependency;
			package = FBA767EF2C03A5A300BA9706 /* XCRemoteSwiftPackageReference "firebase-ios-sdk" */;
			productName = FirebaseAnalyticsOnDeviceConversion;
		};
		FB9BB8292C03B2390068009B /* FirebaseAnalyticsSwift */ = {
			isa = XCSwiftPackageProductDependency;
			package = FBA767EF2C03A5A300BA9706 /* XCRemoteSwiftPackageReference "firebase-ios-sdk" */;
			productName = FirebaseAnalyticsSwift;
		};
		FB9BB82B2C03B2390068009B /* FirebaseAnalyticsWithoutAdIdSupport */ = {
			isa = XCSwiftPackageProductDependency;
			package = FBA767EF2C03A5A300BA9706 /* XCRemoteSwiftPackageReference "firebase-ios-sdk" */;
			productName = FirebaseAnalyticsWithoutAdIdSupport;
		};
		FB9BB82D2C03B2390068009B /* FirebaseAppCheck */ = {
			isa = XCSwiftPackageProductDependency;
			package = FBA767EF2C03A5A300BA9706 /* XCRemoteSwiftPackageReference "firebase-ios-sdk" */;
			productName = FirebaseAppCheck;
		};
		FBA767F02C03A5A400BA9706 /* FirebaseAnalytics */ = {
			isa = XCSwiftPackageProductDependency;
			package = FBA767EF2C03A5A300BA9706 /* XCRemoteSwiftPackageReference "firebase-ios-sdk" */;
			productName = FirebaseAnalytics;
		};
		FBA767F22C03A5A400BA9706 /* FirebaseAnalyticsOnDeviceConversion */ = {
			isa = XCSwiftPackageProductDependency;
			package = FBA767EF2C03A5A300BA9706 /* XCRemoteSwiftPackageReference "firebase-ios-sdk" */;
			productName = FirebaseAnalyticsOnDeviceConversion;
		};
		FBA767F42C03A5A400BA9706 /* FirebaseAnalyticsSwift */ = {
			isa = XCSwiftPackageProductDependency;
			package = FBA767EF2C03A5A300BA9706 /* XCRemoteSwiftPackageReference "firebase-ios-sdk" */;
			productName = FirebaseAnalyticsSwift;
		};
		FBA767F62C03A5A400BA9706 /* FirebaseAnalyticsWithoutAdIdSupport */ = {
			isa = XCSwiftPackageProductDependency;
			package = FBA767EF2C03A5A300BA9706 /* XCRemoteSwiftPackageReference "firebase-ios-sdk" */;
			productName = FirebaseAnalyticsWithoutAdIdSupport;
		};
		FBA767F82C03A5A400BA9706 /* FirebaseAppCheck */ = {
			isa = XCSwiftPackageProductDependency;
			package = FBA767EF2C03A5A300BA9706 /* XCRemoteSwiftPackageReference "firebase-ios-sdk" */;
			productName = FirebaseAppCheck;
		};
		FBA92C732C04044700DF86FC /* GoogleSignIn */ = {
			isa = XCSwiftPackageProductDependency;
			package = FBA92C722C04044700DF86FC /* XCRemoteSwiftPackageReference "GoogleSignIn-iOS" */;
			productName = GoogleSignIn;
		};
		FBA92C752C04044700DF86FC /* GoogleSignInSwift */ = {
			isa = XCSwiftPackageProductDependency;
			package = FBA92C722C04044700DF86FC /* XCRemoteSwiftPackageReference "GoogleSignIn-iOS" */;
			productName = GoogleSignInSwift;
		};
/* End XCSwiftPackageProductDependency section */
	};
	rootObject = FBA767D62C03A3AE00BA9706 /* Project object */;
}
